
Microsoft Visual Studio Solution File, Format Version 12.00
# Visual Studio Version 17
VisualStudioVersion = 17.13.35825.156
MinimumVisualStudioVersion = 10.0.40219.1
Project("{FAE04EC0-301F-11D3-BF4B-00C04F79EFBC}") = "GodInject", "GodInject\GodInject.csproj", "{84220DE9-0F2D-4A19-8B3E-E97088D94DBE}"
EndProject
Project("{FAE04EC0-301F-11D3-BF4B-00C04F79EFBC}") = "GodInject.Analyzers", "GodInject.Analyzers\GodInject.Analyzers.csproj", "{EC914A06-35C7-4981-BE8B-EE0627A84105}"
EndProject
Global
	GlobalSection(SolutionConfigurationPlatforms) = preSolution
		Debug|Any CPU = Debug|Any CPU
		Debug|x64 = Debug|x64
		Debug|x86 = Debug|x86
		Release|Any CPU = Release|Any CPU
		Release|x64 = Release|x64
		Release|x86 = Release|x86
	EndGlobalSection
	GlobalSection(ProjectConfigurationPlatforms) = postSolution
		{84220DE9-0F2D-4A19-8B3E-E97088D94DBE}.Debug|Any CPU.ActiveCfg = Debug|Any CPU
		{84220DE9-0F2D-4A19-8B3E-E97088D94DBE}.Debug|Any CPU.Build.0 = Debug|Any CPU
		{84220DE9-0F2D-4A19-8B3E-E97088D94DBE}.Debug|x64.ActiveCfg = Debug|Any CPU
		{84220DE9-0F2D-4A19-8B3E-E97088D94DBE}.Debug|x64.Build.0 = Debug|Any CPU
		{84220DE9-0F2D-4A19-8B3E-E97088D94DBE}.Debug|x86.ActiveCfg = Debug|Any CPU
		{84220DE9-0F2D-4A19-8B3E-E97088D94DBE}.Debug|x86.Build.0 = Debug|Any CPU
		{84220DE9-0F2D-4A19-8B3E-E97088D94DBE}.Release|Any CPU.ActiveCfg = Release|Any CPU
		{84220DE9-0F2D-4A19-8B3E-E97088D94DBE}.Release|Any CPU.Build.0 = Release|Any CPU
		{84220DE9-0F2D-4A19-8B3E-E97088D94DBE}.Release|x64.ActiveCfg = Release|Any CPU
		{84220DE9-0F2D-4A19-8B3E-E97088D94DBE}.Release|x64.Build.0 = Release|Any CPU
		{84220DE9-0F2D-4A19-8B3E-E97088D94DBE}.Release|x86.ActiveCfg = Release|Any CPU
		{84220DE9-0F2D-4A19-8B3E-E97088D94DBE}.Release|x86.Build.0 = Release|Any CPU
		{EC914A06-35C7-4981-BE8B-EE0627A84105}.Debug|Any CPU.ActiveCfg = Debug|Any CPU
		{EC914A06-35C7-4981-BE8B-EE0627A84105}.Debug|Any CPU.Build.0 = Debug|Any CPU
		{EC914A06-35C7-4981-BE8B-EE0627A84105}.Debug|x64.ActiveCfg = Debug|Any CPU
		{EC914A06-35C7-4981-BE8B-EE0627A84105}.Debug|x64.Build.0 = Debug|Any CPU
		{EC914A06-35C7-4981-BE8B-EE0627A84105}.Debug|x86.ActiveCfg = Debug|Any CPU
		{EC914A06-35C7-4981-BE8B-EE0627A84105}.Debug|x86.Build.0 = Debug|Any CPU
		{EC914A06-35C7-4981-BE8B-EE0627A84105}.Release|Any CPU.ActiveCfg = Release|Any CPU
		{EC914A06-35C7-4981-BE8B-EE0627A84105}.Release|Any CPU.Build.0 = Release|Any CPU
		{EC914A06-35C7-4981-BE8B-EE0627A84105}.Release|x64.ActiveCfg = Release|Any CPU
		{EC914A06-35C7-4981-BE8B-EE0627A84105}.Release|x64.Build.0 = Release|Any CPU
		{EC914A06-35C7-4981-BE8B-EE0627A84105}.Release|x86.ActiveCfg = Release|Any CPU
		{EC914A06-35C7-4981-BE8B-EE0627A84105}.Release|x86.Build.0 = Release|Any CPU
	EndGlobalSection
	GlobalSection(SolutionProperties) = preSolution
		HideSolutionNode = FALSE
	EndGlobalSection
	GlobalSection(ExtensibilityGlobals) = postSolution
		SolutionGuid = {F99C1BB9-436D-433A-9448-10817E63D9CE}
	EndGlobalSection
EndGlobal
